<?xml version="1.0" encoding="utf-8"?>
<Project ToolsVersion="4.0" xmlns="http://schemas.microsoft.com/developer/msbuild/2003">
  <ItemGroup>
    <Filter Include="源文件">
      <UniqueIdentifier>{4FC737F1-C7A5-4376-A066-2A32D752A2FF}</UniqueIdentifier>
      <Extensions>cpp;c;cc;cxx;def;odl;idl;hpj;bat;asm;asmx</Extensions>
    </Filter>
    <Filter Include="头文件">
      <UniqueIdentifier>{93995380-89BD-4b04-88EB-625FBE52EBFB}</UniqueIdentifier>
      <Extensions>h;hh;hpp;hxx;hm;inl;inc;ipp;xsd</Extensions>
    </Filter>
    <Filter Include="资源文件">
      <UniqueIdentifier>{67DA6AB6-F800-4c08-8B7A-83BB121AAD01}</UniqueIdentifier>
      <Extensions>rc;ico;cur;bmp;dlg;rc2;rct;bin;rgs;gif;jpg;jpeg;jpe;resx;tiff;tif;png;wav;mfcribbon-ms</Extensions>
    </Filter>
    <Filter Include="code">
      <UniqueIdentifier>{c8c67534-775b-42a7-a1ec-fdb825260861}</UniqueIdentifier>
    </Filter>
    <Filter Include="DataStructure">
      <UniqueIdentifier>{4c72d394-553e-450c-9c54-a0feb0b3520e}</UniqueIdentifier>
    </Filter>
    <Filter Include="剑指offer">
      <UniqueIdentifier>{7f69c9af-de0e-422e-a8ff-b445487cf9cf}</UniqueIdentifier>
    </Filter>
  </ItemGroup>
  <ItemGroup>
    <ClCompile Include="rotate-matrix-lcci.cpp">
      <Filter>源文件</Filter>
    </ClCompile>
    <ClCompile Include="course-schedule-ii.cpp">
      <Filter>源文件</Filter>
    </ClCompile>
    <ClCompile Include="merge-intervals.cpp">
      <Filter>源文件</Filter>
    </ClCompile>
    <ClCompile Include="pascals-triangle.cpp">
      <Filter>源文件</Filter>
    </ClCompile>
    <ClCompile Include="minimum-cost-for-tickets.cpp">
      <Filter>源文件</Filter>
    </ClCompile>
    <ClCompile Include="sqrtx.cpp">
      <Filter>源文件</Filter>
    </ClCompile>
    <ClCompile Include="powx-n.cpp">
      <Filter>源文件</Filter>
    </ClCompile>
    <ClCompile Include="test.cpp">
      <Filter>源文件</Filter>
    </ClCompile>
    <ClCompile Include="min-stack.cpp">
      <Filter>源文件</Filter>
    </ClCompile>
    <ClCompile Include="binary-tree-level-order-traversal.cpp">
      <Filter>源文件</Filter>
    </ClCompile>
    <ClCompile Include="single-number.cpp">
      <Filter>源文件</Filter>
    </ClCompile>
    <ClCompile Include="continuous-subarray-sum.cpp">
      <Filter>源文件</Filter>
    </ClCompile>
    <ClCompile Include="reverse-nodes-in-k-group.cpp">
      <Filter>源文件</Filter>
    </ClCompile>
    <ClCompile Include="counting-bits.cpp">
      <Filter>源文件</Filter>
    </ClCompile>
    <ClCompile Include="longest-palindromic-substring.cpp">
      <Filter>源文件</Filter>
    </ClCompile>
    <ClCompile Include="minimum-window-substring.cpp">
      <Filter>源文件</Filter>
    </ClCompile>
    <ClCompile Include="house-robber.cpp">
      <Filter>源文件</Filter>
    </ClCompile>
    <ClCompile Include="symmetric-tree.cpp">
      <Filter>源文件</Filter>
    </ClCompile>
    <ClCompile Include="kids-with-the-greatest-number-of-candies.cpp">
      <Filter>源文件</Filter>
    </ClCompile>
    <ClCompile Include="search-insert-position.cpp">
      <Filter>源文件</Filter>
    </ClCompile>
    <ClCompile Include="two-sum-ii-input-array-is-sorted.cpp">
      <Filter>源文件</Filter>
    </ClCompile>
    <ClCompile Include="gray-code.cpp">
      <Filter>源文件</Filter>
    </ClCompile>
    <ClCompile Include="unique-binary-search-trees-ii.cpp">
      <Filter>源文件</Filter>
    </ClCompile>
    <ClCompile Include="xuan-zhuan-shu-zu-de-zui-xiao-shu-zi-lcof.cpp">
      <Filter>源文件</Filter>
    </ClCompile>
    <ClCompile Include="nim-game.cpp">
      <Filter>源文件</Filter>
    </ClCompile>
    <ClCompile Include="kth-smallest-element-in-a-bst.cpp">
      <Filter>源文件</Filter>
    </ClCompile>
    <ClCompile Include="lowest-common-ancestor-of-a-binary-search-tree.cpp">
      <Filter>源文件</Filter>
    </ClCompile>
    <ClCompile Include="power-of-two.cpp">
      <Filter>源文件</Filter>
    </ClCompile>
    <ClCompile Include="spiral-matrix-ii.cpp">
      <Filter>源文件</Filter>
    </ClCompile>
    <ClCompile Include="multiply-strings.cpp">
      <Filter>源文件</Filter>
    </ClCompile>
    <ClCompile Include="zui-xiao-qu-jian-by-leetcode-solution.cpp">
      <Filter>源文件</Filter>
    </ClCompile>
    <ClCompile Include="flatten-binary-tree-to-linked-list.cpp">
      <Filter>源文件</Filter>
    </ClCompile>
    <ClCompile Include="linked-list-cycle.cpp">
      <Filter>源文件</Filter>
    </ClCompile>
    <ClCompile Include="add-strings.cpp">
      <Filter>源文件</Filter>
    </ClCompile>
    <ClCompile Include="add-two-numbers.cpp">
      <Filter>源文件</Filter>
    </ClCompile>
    <ClCompile Include="lru-cache.cpp">
      <Filter>源文件</Filter>
    </ClCompile>
    <ClCompile Include="house-robber-ii.cpp">
      <Filter>源文件</Filter>
    </ClCompile>
    <ClCompile Include="same-tree.cpp">
      <Filter>源文件</Filter>
    </ClCompile>
    <ClCompile Include="recover-binary-search-tree.cpp">
      <Filter>源文件</Filter>
    </ClCompile>
    <ClCompile Include="shortest-path-in-a-grid-with-obstacles-elimination.cpp">
      <Filter>源文件</Filter>
    </ClCompile>
    <ClCompile Include="restore-ip-addresses.cpp">
      <Filter>源文件</Filter>
    </ClCompile>
    <ClCompile Include="sort-characters-by-frequency.cpp">
      <Filter>源文件</Filter>
    </ClCompile>
    <ClCompile Include="surrounded-regions.cpp">
      <Filter>源文件</Filter>
    </ClCompile>
    <ClCompile Include="clone-graph.cpp">
      <Filter>源文件</Filter>
    </ClCompile>
    <ClCompile Include="basic-calculator-ii.cpp">
      <Filter>源文件</Filter>
    </ClCompile>
    <ClCompile Include="loud-and-rich.cpp">
      <Filter>源文件</Filter>
    </ClCompile>
    <ClCompile Include="valid-parentheses.cpp">
      <Filter>源文件</Filter>
    </ClCompile>
    <ClCompile Include="happy-number.cpp">
      <Filter>源文件</Filter>
    </ClCompile>
    <ClCompile Include="number-of-enclaves.cpp">
      <Filter>源文件</Filter>
    </ClCompile>
    <ClCompile Include="flood-fill.cpp">
      <Filter>源文件</Filter>
    </ClCompile>
    <ClCompile Include="balanced-binary-tree.cpp">
      <Filter>源文件</Filter>
    </ClCompile>
    <ClCompile Include="binary-gap.cpp">
      <Filter>源文件</Filter>
    </ClCompile>
    <ClCompile Include="positions-of-large-groups.cpp">
      <Filter>源文件</Filter>
    </ClCompile>
    <ClCompile Include="convert-sorted-list-to-binary-search-tree.cpp">
      <Filter>源文件</Filter>
    </ClCompile>
    <ClCompile Include="minimum-depth-of-binary-tree.cpp">
      <Filter>源文件</Filter>
    </ClCompile>
    <ClCompile Include="24-game.cpp">
      <Filter>源文件</Filter>
    </ClCompile>
    <ClCompile Include="bitwise-and-of-numbers-range.cpp">
      <Filter>源文件</Filter>
    </ClCompile>
    <ClCompile Include="increasing-subsequences.cpp">
      <Filter>源文件</Filter>
    </ClCompile>
    <ClCompile Include="letter-combinations-of-a-phone-number.cpp">
      <Filter>源文件</Filter>
    </ClCompile>
    <ClCompile Include="reconstruct-itinerary----.cpp">
      <Filter>源文件</Filter>
    </ClCompile>
    <ClCompile Include="robot-return-to-origin.cpp">
      <Filter>源文件</Filter>
    </ClCompile>
    <ClCompile Include="prison-cells-after-n-days.cpp">
      <Filter>源文件</Filter>
    </ClCompile>
    <ClCompile Include="keys-and-rooms.cpp">
      <Filter>源文件</Filter>
    </ClCompile>
    <ClCompile Include="predict-the-winner.cpp">
      <Filter>源文件</Filter>
    </ClCompile>
    <ClCompile Include="biao-shi-shu-zhi-de-zi-fu-chuan-lcof.cpp">
      <Filter>源文件</Filter>
    </ClCompile>
    <ClCompile Include="n-queens.cpp">
      <Filter>源文件</Filter>
    </ClCompile>
    <ClCompile Include="binary-tree-level-order-traversal-ii.cpp">
      <Filter>源文件</Filter>
    </ClCompile>
    <ClCompile Include="combination-sum.cpp">
      <Filter>源文件</Filter>
    </ClCompile>
    <ClCompile Include="combination-sum-iii.cpp">
      <Filter>源文件</Filter>
    </ClCompile>
    <ClCompile Include="largest-divisible-subset.cpp">
      <Filter>源文件</Filter>
    </ClCompile>
    <ClCompile Include="word-search.cpp">
      <Filter>源文件</Filter>
    </ClCompile>
    <ClCompile Include="binary-tree-inorder-traversal.cpp">
      <Filter>源文件</Filter>
    </ClCompile>
    <ClCompile Include="sudoku-solver.cpp">
      <Filter>源文件</Filter>
    </ClCompile>
    <ClCompile Include="invert-binary-tree.cpp">
      <Filter>源文件</Filter>
    </ClCompile>
    <ClCompile Include="champagne-tower.cpp">
      <Filter>源文件</Filter>
    </ClCompile>
    <ClCompile Include="pattern-matching-lcci.cpp">
      <Filter>源文件</Filter>
    </ClCompile>
    <ClCompile Include="permutations-ii.cpp">
      <Filter>源文件</Filter>
    </ClCompile>
    <ClCompile Include="sum-of-left-leaves.cpp">
      <Filter>源文件</Filter>
    </ClCompile>
    <ClCompile Include="subsets.cpp">
      <Filter>源文件</Filter>
    </ClCompile>
    <ClCompile Include="convert-bst-to-greater-tree.cpp">
      <Filter>源文件</Filter>
    </ClCompile>
    <ClCompile Include="binary-tree-cameras.cpp">
      <Filter>源文件</Filter>
    </ClCompile>
    <ClCompile Include="path-sum-ii.cpp">
      <Filter>源文件</Filter>
    </ClCompile>
    <ClCompile Include="matchsticks-to-square.cpp">
      <Filter>源文件</Filter>
    </ClCompile>
    <ClCompile Include="populating-next-right-pointers-in-each-node.cpp">
      <Filter>源文件</Filter>
    </ClCompile>
    <ClCompile Include="populating-next-right-pointers-in-each-node-ii.cpp">
      <Filter>源文件</Filter>
    </ClCompile>
    <ClCompile Include="binary-tree-postorder-traversal.cpp">
      <Filter>源文件</Filter>
    </ClCompile>
    <ClCompile Include="shu-zu-zhong-de-ni-xu-dui-lcof.cpp">
      <Filter>源文件</Filter>
    </ClCompile>
    <ClCompile Include="insert-into-a-binary-search-tree.cpp">
      <Filter>源文件</Filter>
    </ClCompile>
    <ClCompile Include="UlBDOe.cpp">
      <Filter>源文件</Filter>
    </ClCompile>
    <ClCompile Include="two-sum.cpp">
      <Filter>源文件</Filter>
    </ClCompile>
    <ClCompile Include="4sum.cpp">
      <Filter>源文件</Filter>
    </ClCompile>
    <ClCompile Include="partition-to-k-equal-sum-subsets.cpp">
      <Filter>源文件</Filter>
    </ClCompile>
    <ClCompile Include="coin-change.cpp">
      <Filter>源文件</Filter>
    </ClCompile>
    <ClCompile Include="target-sum.cpp">
      <Filter>源文件</Filter>
    </ClCompile>
    <ClCompile Include="reorder-list.cpp">
      <Filter>源文件</Filter>
    </ClCompile>
    <ClCompile Include="how-many-numbers-are-smaller-than-the-current-number.cpp">
      <Filter>源文件</Filter>
    </ClCompile>
    <ClCompile Include="binary-tree-preorder-traversal.cpp">
      <Filter>源文件</Filter>
    </ClCompile>
    <ClCompile Include="unique-number-of-occurrences.cpp">
      <Filter>源文件</Filter>
    </ClCompile>
    <ClCompile Include="island-perimeter.cpp">
      <Filter>源文件</Filter>
    </ClCompile>
    <ClCompile Include="remove-k-digits.cpp">
      <Filter>源文件</Filter>
    </ClCompile>
    <ClCompile Include="matrix-cells-in-distance-order.cpp">
      <Filter>源文件</Filter>
    </ClCompile>
    <ClCompile Include="generate-parentheses.cpp">
      <Filter>源文件</Filter>
    </ClCompile>
    <ClCompile Include="count-complete-tree-nodes.cpp">
      <Filter>源文件</Filter>
    </ClCompile>
    <ClCompile Include="radix_sort.cpp">
      <Filter>源文件</Filter>
    </ClCompile>
    <ClCompile Include="maximum-gap.cpp">
      <Filter>源文件</Filter>
    </ClCompile>
    <ClCompile Include="lemonade-change.cpp">
      <Filter>源文件</Filter>
    </ClCompile>
    <ClCompile Include="dota2-senate.cpp">
      <Filter>源文件</Filter>
    </ClCompile>
    <ClCompile Include="group-anagrams.cpp">
      <Filter>源文件</Filter>
    </ClCompile>
    <ClCompile Include="verifying-an-alien-dictionary.cpp">
      <Filter>源文件</Filter>
    </ClCompile>
    <ClCompile Include="word-pattern.cpp">
      <Filter>源文件</Filter>
    </ClCompile>
    <ClCompile Include="best-time-to-buy-and-sell-stock-ii.cpp">
      <Filter>源文件</Filter>
    </ClCompile>
    <ClCompile Include="best-time-to-buy-and-sell-stock.cpp">
      <Filter>源文件</Filter>
    </ClCompile>
    <ClCompile Include="best-time-to-buy-and-sell-stock-with-transaction-fee.cpp">
      <Filter>源文件</Filter>
    </ClCompile>
    <ClCompile Include="min-cost-climbing-stairs.cpp">
      <Filter>源文件</Filter>
    </ClCompile>
    <ClCompile Include="binary-tree-zigzag-level-order-traversal.cpp">
      <Filter>源文件</Filter>
    </ClCompile>
    <ClCompile Include="first-unique-character-in-a-string.cpp">
      <Filter>源文件</Filter>
    </ClCompile>
    <ClCompile Include="assign-cookies.cpp">
      <Filter>源文件</Filter>
    </ClCompile>
    <ClCompile Include="largest-rectangle-in-histogram.cpp">
      <Filter>源文件</Filter>
    </ClCompile>
    <ClCompile Include="isomorphic-strings.cpp">
      <Filter>源文件</Filter>
    </ClCompile>
    <ClCompile Include="factorial-zeros-lcci.cpp">
      <Filter>源文件</Filter>
    </ClCompile>
    <ClCompile Include="add-to-array-form-of-integer.cpp">
      <Filter>源文件</Filter>
    </ClCompile>
    <ClCompile Include="number-of-operations-to-make-network-connected.cpp">
      <Filter>源文件</Filter>
    </ClCompile>
    <ClCompile Include="longest-continuous-increasing-subsequence.cpp">
      <Filter>源文件</Filter>
    </ClCompile>
    <ClCompile Include="regions-cut-by-slashes.cpp">
      <Filter>源文件</Filter>
    </ClCompile>
    <ClCompile Include="number-of-equivalent-domino-pairs.cpp">
      <Filter>源文件</Filter>
    </ClCompile>
    <ClCompile Include="remove-max-number-of-edges-to-keep-graph-fully-traversable.cpp">
      <Filter>源文件</Filter>
    </ClCompile>
    <ClCompile Include="find-pivot-index.cpp">
      <Filter>源文件</Filter>
    </ClCompile>
    <ClCompile Include="path-with-minimum-effort.cpp">
      <Filter>源文件</Filter>
    </ClCompile>
    <ClCompile Include="swim-in-rising-water.cpp">
      <Filter>源文件</Filter>
    </ClCompile>
    <ClCompile Include="fair-candy-swap.cpp">
      <Filter>源文件</Filter>
    </ClCompile>
    <ClCompile Include="longest-repeating-character-replacement.cpp">
      <Filter>源文件</Filter>
    </ClCompile>
    <ClCompile Include="sliding-window-median.cpp">
      <Filter>源文件</Filter>
    </ClCompile>
    <ClCompile Include="find-median-from-data-stream.cpp">
      <Filter>源文件</Filter>
    </ClCompile>
    <ClCompile Include="maximum-average-subarray-i.cpp">
      <Filter>源文件</Filter>
    </ClCompile>
    <ClCompile Include="get-equal-substrings-within-budget.cpp">
      <Filter>源文件</Filter>
    </ClCompile>
    <ClCompile Include="maximum-points-you-can-obtain-from-cards.cpp">
      <Filter>源文件</Filter>
    </ClCompile>
    <ClCompile Include="non-decreasing-array.cpp">
      <Filter>源文件</Filter>
    </ClCompile>
    <ClCompile Include="longest-turbulent-subarray.cpp">
      <Filter>源文件</Filter>
    </ClCompile>
    <ClCompile Include="subarrays-with-k-different-integers.cpp">
      <Filter>源文件</Filter>
    </ClCompile>
    <ClCompile Include="permutation-in-string.cpp">
      <Filter>源文件</Filter>
    </ClCompile>
    <ClCompile Include="kth-largest-element-in-a-stream.cpp">
      <Filter>源文件</Filter>
    </ClCompile>
    <ClCompile Include="pascals-triangle-ii.cpp">
      <Filter>源文件</Filter>
    </ClCompile>
    <ClCompile Include="find-all-numbers-disappeared-in-an-array.cpp">
      <Filter>源文件</Filter>
    </ClCompile>
    <ClCompile Include="max-consecutive-ones.cpp">
      <Filter>源文件</Filter>
    </ClCompile>
    <ClCompile Include="array-partition-i.cpp">
      <Filter>源文件</Filter>
    </ClCompile>
    <ClCompile Include="reshape-the-matrix.cpp">
      <Filter>源文件</Filter>
    </ClCompile>
    <ClCompile Include="minimum-number-of-k-consecutive-bit-flips.cpp">
      <Filter>源文件</Filter>
    </ClCompile>
    <ClCompile Include="max-consecutive-ones-iii.cpp">
      <Filter>源文件</Filter>
    </ClCompile>
    <ClCompile Include="degree-of-an-array.cpp">
      <Filter>源文件</Filter>
    </ClCompile>
    <ClCompile Include="longest-continuous-subarray-with-absolute-diff-less-than-or-equal-to-limit.cpp">
      <Filter>源文件</Filter>
    </ClCompile>
    <ClCompile Include="toeplitz-matrix.cpp">
      <Filter>源文件</Filter>
    </ClCompile>
    <ClCompile Include="grumpy-bookstore-owner.cpp">
      <Filter>源文件</Filter>
    </ClCompile>
    <ClCompile Include="flipping-an-image.cpp">
      <Filter>源文件</Filter>
    </ClCompile>
    <ClCompile Include="transpose-matrix.cpp">
      <Filter>源文件</Filter>
    </ClCompile>
    <ClCompile Include="shu-zu-zhong-zhong-fu-de-shu-zi-lcof.cpp">
      <Filter>源文件</Filter>
    </ClCompile>
    <ClCompile Include="ti-huan-kong-ge-lcof.cpp">
      <Filter>源文件</Filter>
    </ClCompile>
    <ClCompile Include="cong-wei-dao-tou-da-yin-lian-biao-lcof.cpp">
      <Filter>源文件</Filter>
    </ClCompile>
    <ClCompile Include="yong-liang-ge-zhan-shi-xian-dui-lie-lcof.cpp">
      <Filter>源文件</Filter>
    </ClCompile>
    <ClCompile Include="er-wei-shu-zu-zhong-de-cha-zhao-lcof.cpp">
      <Filter>源文件</Filter>
    </ClCompile>
    <ClCompile Include="main.cpp">
      <Filter>源文件</Filter>
    </ClCompile>
    <ClCompile Include="qing-wa-tiao-tai-jie-wen-ti-lcof.cpp">
      <Filter>源文件</Filter>
    </ClCompile>
    <ClCompile Include="fei-bo-na-qi-shu-lie-lcof.cpp">
      <Filter>源文件</Filter>
    </ClCompile>
    <ClCompile Include="da-yin-cong-1dao-zui-da-de-nwei-shu-lcof.cpp">
      <Filter>源文件</Filter>
    </ClCompile>
    <ClCompile Include="er-jin-zhi-zhong-1de-ge-shu-lcof.cpp">
      <Filter>源文件</Filter>
    </ClCompile>
    <ClCompile Include="test_ms.cpp">
      <Filter>源文件</Filter>
    </ClCompile>
    <ClCompile Include="zhong-jian-er-cha-shu-lcof.cpp">
      <Filter>源文件</Filter>
    </ClCompile>
    <ClCompile Include="fan-zhuan-lian-biao-lcof.cpp">
      <Filter>源文件</Filter>
    </ClCompile>
    <ClCompile Include="ju-zhen-zhong-de-lu-jing-lcof.cpp">
      <Filter>code</Filter>
    </ClCompile>
    <ClCompile Include="ji-qi-ren-de-yun-dong-fan-wei-lcof.cpp">
      <Filter>code</Filter>
    </ClCompile>
    <ClCompile Include="jian-sheng-zi-lcof.cpp">
      <Filter>code</Filter>
    </ClCompile>
    <ClCompile Include="shu-zhi-de-zheng-shu-ci-fang-lcof.cpp">
      <Filter>code</Filter>
    </ClCompile>
    <ClCompile Include="shan-chu-lian-biao-de-jie-dian-lcof.cpp">
      <Filter>code</Filter>
    </ClCompile>
    <ClCompile Include="diao-zheng-shu-zu-shun-xu-shi-qi-shu-wei-yu-ou-shu-qian-mian-lcof.cpp">
      <Filter>code</Filter>
    </ClCompile>
    <ClCompile Include="lian-biao-zhong-dao-shu-di-kge-jie-dian-lcof.cpp">
      <Filter>code</Filter>
    </ClCompile>
    <ClCompile Include="find-nearest-point-that-has-the-same-x-or-y-coordinate.cpp">
      <Filter>源文件</Filter>
    </ClCompile>
    <ClCompile Include="check-if-number-is-a-sum-of-powers-of-three.cpp">
      <Filter>源文件</Filter>
    </ClCompile>
    <ClCompile Include="sum-of-beauty-of-all-substrings.cpp">
      <Filter>源文件</Filter>
    </ClCompile>
    <ClCompile Include="quick-sort.cpp">
      <Filter>源文件</Filter>
    </ClCompile>
    <ClCompile Include="heap.cpp">
      <Filter>源文件</Filter>
    </ClCompile>
    <ClCompile Include="binary-number-with-alternating-bits.cpp">
      <Filter>源文件</Filter>
    </ClCompile>
    <ClCompile Include="interpret_cast.cpp">
      <Filter>源文件</Filter>
    </ClCompile>
    <ClCompile Include="he-bing-liang-ge-pai-xu-de-lian-biao-lcof.cpp">
      <Filter>源文件</Filter>
    </ClCompile>
    <ClCompile Include="er-cha-shu-de-jing-xiang-lcof.cpp">
      <Filter>源文件</Filter>
    </ClCompile>
    <ClCompile Include="shu-de-zi-jie-gou-lcof.cpp">
      <Filter>源文件</Filter>
    </ClCompile>
    <ClCompile Include="kth-largest-element-in-an-array.cpp">
      <Filter>源文件</Filter>
    </ClCompile>
    <ClCompile Include="lowest-common-ancestor-of-a-binary-tree.cpp">
      <Filter>源文件</Filter>
    </ClCompile>
    <ClCompile Include="rotate-image.cpp">
      <Filter>源文件</Filter>
    </ClCompile>
    <ClCompile Include="reverse-linked-list.cpp">
      <Filter>源文件</Filter>
    </ClCompile>
    <ClCompile Include="decode-ways.cpp">
      <Filter>源文件</Filter>
    </ClCompile>
    <ClCompile Include="maximum-subarray.cpp">
      <Filter>源文件</Filter>
    </ClCompile>
    <ClCompile Include="longest-increasing-subsequence.cpp">
      <Filter>源文件</Filter>
    </ClCompile>
    <ClCompile Include="er-cha-shu-de-zui-jin-gong-gong-zu-xian-lcof.cpp">
      <Filter>源文件</Filter>
    </ClCompile>
    <ClCompile Include="er-cha-sou-suo-shu-de-zui-jin-gong-gong-zu-xian-lcof.cpp">
      <Filter>源文件</Filter>
    </ClCompile>
    <ClCompile Include="serialize-and-deserialize-binary-tree.cpp">
      <Filter>源文件</Filter>
    </ClCompile>
    <ClCompile Include="delete-node-in-a-bst.cpp">
      <Filter>源文件</Filter>
    </ClCompile>
    <ClCompile Include="validate-ip-address.cpp">
      <Filter>源文件</Filter>
    </ClCompile>
    <ClCompile Include="binary-tree-maximum-path-sum.cpp">
      <Filter>源文件</Filter>
    </ClCompile>
    <ClCompile Include="course-schedule.cpp">
      <Filter>源文件</Filter>
    </ClCompile>
    <ClCompile Include="permutations.cpp">
      <Filter>源文件</Filter>
    </ClCompile>
    <ClCompile Include="liang-ge-lian-biao-de-di-yi-ge-gong-gong-jie-dian-lcof.cpp">
      <Filter>源文件</Filter>
    </ClCompile>
    <ClCompile Include="valid-sudoku.cpp">
      <Filter>源文件</Filter>
    </ClCompile>
    <ClCompile Include="dui-cheng-de-er-cha-shu-lcof.cpp">
      <Filter>源文件</Filter>
    </ClCompile>
    <ClCompile Include="shun-shi-zhen-da-yin-ju-zhen-lcof.cpp">
      <Filter>源文件</Filter>
    </ClCompile>
    <ClCompile Include="bao-han-minhan-shu-de-zhan-lcof.cpp">
      <Filter>源文件</Filter>
    </ClCompile>
    <ClCompile Include="1.cpp">
      <Filter>DataStructure</Filter>
    </ClCompile>
    <ClCompile Include="整数除法.cpp">
      <Filter>剑指offer</Filter>
    </ClCompile>
    <ClCompile Include="replace-all-s-to-avoid-consecutive-repeating-characters.cpp">
      <Filter>源文件</Filter>
    </ClCompile>
    <ClCompile Include="maximum-nesting-depth-of-the-parentheses.cpp">
      <Filter>源文件</Filter>
    </ClCompile>
    <ClCompile Include="zhan-de-ya-ru-dan-chu-xu-lie-lcof.cpp">
      <Filter>源文件</Filter>
    </ClCompile>
    <ClCompile Include="zui-xiao-de-kge-shu-lcof.cpp">
      <Filter>源文件</Filter>
    </ClCompile>
    <ClCompile Include="lian-xu-zi-shu-zu-de-zui-da-he-lcof.cpp">
      <Filter>源文件</Filter>
    </ClCompile>
    <ClCompile Include="majority-element.cpp">
      <Filter>源文件</Filter>
    </ClCompile>
    <ClCompile Include="di-yi-ge-zhi-chu-xian-yi-ci-de-zi-fu-lcof.cpp">
      <Filter>源文件</Filter>
    </ClCompile>
    <ClCompile Include="er-cha-shu-de-shen-du-lcof.cpp">
      <Filter>源文件</Filter>
    </ClCompile>
    <ClCompile Include="he-wei-sde-liang-ge-shu-zi-lcof.cpp">
      <Filter>源文件</Filter>
    </ClCompile>
    <ClCompile Include="cong-shang-dao-xia-da-yin-er-cha-shu-ii-lcof.cpp">
      <Filter>源文件</Filter>
    </ClCompile>
    <ClCompile Include="he-wei-sde-lian-xu-zheng-shu-xu-lie-lcof.cpp">
      <Filter>源文件</Filter>
    </ClCompile>
    <ClCompile Include="largest-number-at-least-twice-of-others.cpp">
      <Filter>源文件</Filter>
    </ClCompile>
    <ClCompile Include="jian-sheng-zi-ii-lcof.cpp">
      <Filter>源文件</Filter>
    </ClCompile>
    <ClCompile Include="yuan-quan-zhong-zui-hou-sheng-xia-de-shu-zi-lcof.cpp">
      <Filter>源文件</Filter>
    </ClCompile>
    <ClCompile Include="fan-zhuan-dan-ci-shun-xu-lcof.cpp">
      <Filter>源文件</Filter>
    </ClCompile>
    <ClCompile Include="zai-pai-xu-shu-zu-zhong-cha-zhao-shu-zi-lcof.cpp">
      <Filter>源文件</Filter>
    </ClCompile>
    <ClCompile Include="zuo-xuan-zhuan-zi-fu-chuan-lcof.cpp">
      <Filter>源文件</Filter>
    </ClCompile>
    <ClCompile Include="que-shi-de-shu-zi-lcof.cpp">
      <Filter>源文件</Filter>
    </ClCompile>
    <ClCompile Include="er-cha-sou-suo-shu-de-di-kda-jie-dian-lcof.cpp">
      <Filter>源文件</Filter>
    </ClCompile>
    <ClCompile Include="path-with-maximum-gold.cpp">
      <Filter>源文件</Filter>
    </ClCompile>
    <ClCompile Include="bu-yong-jia-jian-cheng-chu-zuo-jia-fa-lcof.cpp">
      <Filter>源文件</Filter>
    </ClCompile>
    <ClCompile Include="bu-ke-pai-zhong-de-shun-zi-lcof.cpp">
      <Filter>源文件</Filter>
    </ClCompile>
    <ClCompile Include="ping-heng-er-cha-shu-lcof.cpp">
      <Filter>源文件</Filter>
    </ClCompile>
    <ClCompile Include="simplified-fractions.cpp">
      <Filter>源文件</Filter>
    </ClCompile>
    <ClCompile Include="minimum-difference-between-highest-and-lowest-of-k-scores.cpp">
      <Filter>源文件</Filter>
    </ClCompile>
    <ClCompile Include="sorted-merge-lcci.cpp">
      <Filter>源文件</Filter>
    </ClCompile>
    <ClCompile Include="is-unique-lcci.cpp">
      <Filter>源文件</Filter>
    </ClCompile>
    <ClCompile Include="maximum-number-of-balloons.cpp">
      <Filter>源文件</Filter>
    </ClCompile>
    <ClCompile Include="check-permutation-lcci.cpp">
      <Filter>源文件</Filter>
    </ClCompile>
    <ClCompile Include="single-element-in-a-sorted-array.cpp">
      <Filter>源文件</Filter>
    </ClCompile>
    <ClCompile Include="string-to-url-lcci.cpp">
      <Filter>源文件</Filter>
    </ClCompile>
    <ClCompile Include="compress-string-lcci.cpp">
      <Filter>源文件</Filter>
    </ClCompile>
    <ClCompile Include="string-rotation-lcci.cpp">
      <Filter>源文件</Filter>
    </ClCompile>
    <ClCompile Include="lucky-numbers-in-a-matrix.cpp">
      <Filter>源文件</Filter>
    </ClCompile>
    <ClCompile Include="remove-duplicate-node-lcci.cpp">
      <Filter>源文件</Filter>
    </ClCompile>
    <ClCompile Include="palindrome-linked-list-lcci.cpp">
      <Filter>源文件</Filter>
    </ClCompile>
    <ClCompile Include="intersection-of-two-linked-lists-lcci.cpp">
      <Filter>源文件</Filter>
    </ClCompile>
    <ClCompile Include="min-stack-lcci.cpp">
      <Filter>源文件</Filter>
    </ClCompile>
    <ClCompile Include="linked-list-cycle-lcci.cpp">
      <Filter>源文件</Filter>
    </ClCompile>
    <ClCompile Include="implement-queue-using-stacks-lcci.cpp">
      <Filter>源文件</Filter>
    </ClCompile>
    <ClCompile Include="route-between-nodes-lcci.cpp">
      <Filter>源文件</Filter>
    </ClCompile>
    <ClCompile Include="palindrome-permutation-lcci.cpp">
      <Filter>源文件</Filter>
    </ClCompile>
    <ClCompile Include="one-away-lcci.cpp">
      <Filter>源文件</Filter>
    </ClCompile>
    <ClCompile Include="longest-uncommon-subsequence-i.cpp">
      <Filter>源文件</Filter>
    </ClCompile>
    <ClCompile Include="A+B Problem.cpp">
      <Filter>源文件</Filter>
    </ClCompile>
    <ClCompile Include="find-good-days-to-rob-the-bank.cpp">
      <Filter>源文件</Filter>
    </ClCompile>
    <ClCompile Include="base-7.cpp">
      <Filter>源文件</Filter>
    </ClCompile>
    <ClCompile Include="count-and-say.cpp">
      <Filter>源文件</Filter>
    </ClCompile>
    <ClCompile Include="integer-to-roman.cpp">
      <Filter>源文件</Filter>
    </ClCompile>
    <ClCompile Include="spiral-matrix.cpp">
      <Filter>源文件</Filter>
    </ClCompile>
    <ClCompile Include="jump-game.cpp">
      <Filter>源文件</Filter>
    </ClCompile>
    <ClCompile Include="print-in-order.cpp">
      <Filter>源文件</Filter>
    </ClCompile>
    <ClCompile Include="print-foobar-alternately.cpp">
      <Filter>源文件</Filter>
    </ClCompile>
    <ClCompile Include="move-zeroes.cpp">
      <Filter>源文件</Filter>
    </ClCompile>
    <ClCompile Include="find-first-and-last-position-of-element-in-sorted-array.cpp">
      <Filter>源文件</Filter>
    </ClCompile>
    <ClCompile Include="interleaving-string.cpp">
      <Filter>源文件</Filter>
    </ClCompile>
    <ClCompile Include="add_binary.cpp">
      <Filter>源文件</Filter>
    </ClCompile>
    <ClCompile Include="unique-paths.cpp">
      <Filter>源文件</Filter>
    </ClCompile>
    <ClCompile Include="merge-sorted-array.cpp">
      <Filter>源文件</Filter>
    </ClCompile>
    <ClCompile Include="unique-paths-ii.cpp">
      <Filter>源文件</Filter>
    </ClCompile>
    <ClCompile Include="minimum-path-sum.cpp">
      <Filter>源文件</Filter>
    </ClCompile>
    <ClCompile Include="unique-binary-search-trees.cpp">
      <Filter>源文件</Filter>
    </ClCompile>
    <ClCompile Include="run.cpp">
      <Filter>源文件</Filter>
    </ClCompile>
    <ClCompile Include="rotate-list.cpp">
      <Filter>源文件</Filter>
    </ClCompile>
    <ClCompile Include="partition-list.cpp">
      <Filter>源文件</Filter>
    </ClCompile>
    <ClCompile Include="insert-interval.cpp">
      <Filter>源文件</Filter>
    </ClCompile>
    <ClCompile Include="permutation-sequence.cpp">
      <Filter>源文件</Filter>
    </ClCompile>
    <ClCompile Include="set-matrix-zeroes.cpp">
      <Filter>源文件</Filter>
    </ClCompile>
    <ClCompile Include="sort-colors.cpp">
      <Filter>源文件</Filter>
    </ClCompile>
    <ClCompile Include="construct-binary-tree-from-inorder-and-postorder-traversal.cpp">
      <Filter>源文件</Filter>
    </ClCompile>
    <ClCompile Include="construct-binary-tree-from-preorder-and-inorder-traversal.cpp">
      <Filter>源文件</Filter>
    </ClCompile>
    <ClCompile Include="perfect-squares.cpp">
      <Filter>源文件</Filter>
    </ClCompile>
    <ClCompile Include="word-break.cpp">
      <Filter>源文件</Filter>
    </ClCompile>
    <ClCompile Include="maximum-product-subarray.cpp">
      <Filter>源文件</Filter>
    </ClCompile>
    <ClCompile Include="partition-equal-subset-sum.cpp">
      <Filter>源文件</Filter>
    </ClCompile>
    <ClCompile Include="rotate-array.cpp">
      <Filter>源文件</Filter>
    </ClCompile>
    <ClCompile Include="partition-labels.cpp">
      <Filter>源文件</Filter>
    </ClCompile>
    <ClCompile Include="sort-list.cpp">
      <Filter>源文件</Filter>
    </ClCompile>
  </ItemGroup>
  <ItemGroup>
    <ClInclude Include="Tree.h">
      <Filter>头文件</Filter>
    </ClInclude>
    <ClInclude Include="ListNode.h">
      <Filter>头文件</Filter>
    </ClInclude>
    <ClInclude Include="headfile.h">
      <Filter>头文件</Filter>
    </ClInclude>
  </ItemGroup>
</Project>